<?xml version="1.0" encoding="utf-8"?>
<Project ToolsVersion="4.0" xmlns="http://schemas.microsoft.com/developer/msbuild/2003">
  <ItemGroup>
    <Filter Include="Source Files">
      <UniqueIdentifier>{4FC737F1-C7A5-4376-A066-2A32D752A2FF}</UniqueIdentifier>
      <Extensions>cpp;c;cc;cxx;def;odl;idl;hpj;bat;asm;asmx</Extensions>
    </Filter>
    <Filter Include="Header Files">
      <UniqueIdentifier>{93995380-89BD-4b04-88EB-625FBE52EBFB}</UniqueIdentifier>
      <Extensions>h;hpp;hxx;hm;inl;inc;xsd</Extensions>
    </Filter>
    <Filter Include="Resource Files">
      <UniqueIdentifier>{67DA6AB6-F800-4c08-8B7A-83BB121AAD01}</UniqueIdentifier>
      <Extensions>rc;ico;cur;bmp;dlg;rc2;rct;bin;rgs;gif;jpg;jpeg;jpe;resx;tiff;tif;png;wav</Extensions>
    </Filter>
  </ItemGroup>
  <ItemGroup>
    <ClCompile Include="string_utilities.cpp">
      <Filter>Source Files</Filter>
    </ClCompile>
    <ClCompile Include="base64.cpp">
      <Filter>Source Files</Filter>
    </ClCompile>
    <ClCompile Include="config.cpp">
      <Filter>Source Files</Filter>
    </ClCompile>
    <ClCompile Include="crc.cpp">
      <Filter>Source Files</Filter>
    </ClCompile>
    <ClCompile Include="get_switch.cpp">
      <Filter>Source Files</Filter>
    </ClCompile>
    <ClCompile Include="regkey.cpp">
      <Filter>Source Files</Filter>
    </ClCompile>
    <ClCompile Include="str.cpp">
      <Filter>Source Files</Filter>
    </ClCompile>
    <ClCompile Include="synchronize.cpp">
      <Filter>Source Files</Filter>
    </ClCompile>
    <ClCompile Include="Timer.cpp">
      <Filter>Source Files</Filter>
    </ClCompile>
    <ClCompile Include="UnitTestManager.cpp">
      <Filter>Source Files</Filter>
    </ClCompile>
    <ClCompile Include="wincom.cpp">
      <Filter>Source Files</Filter>
    </ClCompile>
    <ClCompile Include="windebug.cpp">
      <Filter>Source Files</Filter>
    </ClCompile>
    <ClCompile Include="Date.cpp">
      <Filter>Source Files</Filter>
    </ClCompile>
    <ClCompile Include="BitFile.cpp">
      <Filter>Source Files</Filter>
    </ClCompile>
  </ItemGroup>
  <ItemGroup>
    <ClInclude Include="BinaryTree.hpp">
      <Filter>Header Files</Filter>
    </ClInclude>
    <ClInclude Include="BinomialHeap.hpp">
      <Filter>Header Files</Filter>
    </ClInclude>
    <ClInclude Include="BoundedList.hpp">
      <Filter>Header Files</Filter>
    </ClInclude>
    <ClInclude Include="FileVector.hpp">
      <Filter>Header Files</Filter>
    </ClInclude>
    <ClInclude Include="Graph.hpp">
      <Filter>Header Files</Filter>
    </ClInclude>
    <ClInclude Include="HashtableOpen.hpp">
      <Filter>Header Files</Filter>
    </ClInclude>
    <ClInclude Include="sorters.hpp">
      <Filter>Header Files</Filter>
    </ClInclude>
    <ClInclude Include="spica.hpp">
      <Filter>Header Files</Filter>
    </ClInclude>
    <ClInclude Include="string_utilities.hpp">
      <Filter>Header Files</Filter>
    </ClInclude>
    <ClInclude Include="base64.hpp">
      <Filter>Header Files</Filter>
    </ClInclude>
    <ClInclude Include="config.hpp">
      <Filter>Header Files</Filter>
    </ClInclude>
    <ClInclude Include="crc.hpp">
      <Filter>Header Files</Filter>
    </ClInclude>
    <ClInclude Include="environ.hpp">
      <Filter>Header Files</Filter>
    </ClInclude>
    <ClInclude Include="get_switch.hpp">
      <Filter>Header Files</Filter>
    </ClInclude>
    <ClInclude Include="regkey.hpp">
      <Filter>Header Files</Filter>
    </ClInclude>
    <ClInclude Include="str.hpp">
      <Filter>Header Files</Filter>
    </ClInclude>
    <ClInclude Include="synchronize.hpp">
      <Filter>Header Files</Filter>
    </ClInclude>
    <ClInclude Include="Timer.hpp">
      <Filter>Header Files</Filter>
    </ClInclude>
    <ClInclude Include="UnitTestManager.hpp">
      <Filter>Header Files</Filter>
    </ClInclude>
    <ClInclude Include="wincom.hpp">
      <Filter>Header Files</Filter>
    </ClInclude>
    <ClInclude Include="windebug.hpp">
      <Filter>Header Files</Filter>
    </ClInclude>
    <ClInclude Include="winexcept.hpp">
      <Filter>Header Files</Filter>
    </ClInclude>
    <ClInclude Include="WorkQueue.hpp">
      <Filter>Header Files</Filter>
    </ClInclude>
    <ClInclude Include="Date.hpp">
      <Filter>Header Files</Filter>
    </ClInclude>
    <ClInclude Include="BoundedBuffer.hpp">
      <Filter>Header Files</Filter>
    </ClInclude>
    <ClInclude Include="BitFile.hpp">
      <Filter>Header Files</Filter>
    </ClInclude>
  </ItemGroup>
</Project>