<?xml version="1.0" encoding="utf-8"?>
<Project ToolsVersion="4.0" xmlns="http://schemas.microsoft.com/developer/msbuild/2003">
  <ItemGroup>
    <Filter Include="Source Files">
      <UniqueIdentifier>{4FC737F1-C7A5-4376-A066-2A32D752A2FF}</UniqueIdentifier>
      <Extensions>cpp;c;cc;cxx;def;odl;idl;hpj;bat;asm;asmx</Extensions>
    </Filter>
    <Filter Include="Header Files">
      <UniqueIdentifier>{93995380-89BD-4b04-88EB-625FBE52EBFB}</UniqueIdentifier>
      <Extensions>h;hpp;hxx;hm;inl;inc;xsd</Extensions>
    </Filter>
    <Filter Include="Resource Files">
      <UniqueIdentifier>{67DA6AB6-F800-4c08-8B7A-83BB121AAD01}</UniqueIdentifier>
      <Extensions>rc;ico;cur;bmp;dlg;rc2;rct;bin;rgs;gif;jpg;jpeg;jpe;resx;tiff;tif;png;wav</Extensions>
    </Filter>
  </ItemGroup>
  <ItemGroup>
    <ClCompile Include="adjdate.cpp">
      <Filter>Source Files</Filter>
    </ClCompile>
    <ClCompile Include="ansiscr.cpp">
      <Filter>Source Files</Filter>
    </ClCompile>
    <ClCompile Include="depend.cpp">
      <Filter>Source Files</Filter>
    </ClCompile>
    <ClCompile Include="filename.cpp">
      <Filter>Source Files</Filter>
    </ClCompile>
    <ClCompile Include="filescan.cpp">
      <Filter>Source Files</Filter>
    </ClCompile>
    <ClCompile Include="linescan.cpp">
      <Filter>Source Files</Filter>
    </ClCompile>
    <ClCompile Include="oldlist.cpp">
      <Filter>Source Files</Filter>
    </ClCompile>
    <ClCompile Include="output.cpp">
      <Filter>Source Files</Filter>
    </ClCompile>
    <ClCompile Include="record_f.cpp">
      <Filter>Source Files</Filter>
    </ClCompile>
    <ClCompile Include="splits.cpp">
      <Filter>Source Files</Filter>
    </ClCompile>
    <ClCompile Include="strlist.cpp">
      <Filter>Source Files</Filter>
    </ClCompile>
    <ClCompile Include="..\..\Common\get_switch.cpp">
      <Filter>Source Files</Filter>
    </ClCompile>
  </ItemGroup>
  <ItemGroup>
    <ClInclude Include="ansiscr.hpp">
      <Filter>Header Files</Filter>
    </ClInclude>
    <ClInclude Include="filename.hpp">
      <Filter>Header Files</Filter>
    </ClInclude>
    <ClInclude Include="filescan.hpp">
      <Filter>Header Files</Filter>
    </ClInclude>
    <ClInclude Include="linescan.hpp">
      <Filter>Header Files</Filter>
    </ClInclude>
    <ClInclude Include="misc.hpp">
      <Filter>Header Files</Filter>
    </ClInclude>
    <ClInclude Include="oldlist.hpp">
      <Filter>Header Files</Filter>
    </ClInclude>
    <ClInclude Include="output.hpp">
      <Filter>Header Files</Filter>
    </ClInclude>
    <ClInclude Include="record_f.hpp">
      <Filter>Header Files</Filter>
    </ClInclude>
    <ClInclude Include="strlist.hpp">
      <Filter>Header Files</Filter>
    </ClInclude>
    <ClInclude Include="..\..\Common\environ.hpp">
      <Filter>Header Files</Filter>
    </ClInclude>
    <ClInclude Include="..\..\Common\get_switch.hpp">
      <Filter>Header Files</Filter>
    </ClInclude>
  </ItemGroup>
</Project>