<?xml version="1.0" encoding="utf-8"?>
<Project ToolsVersion="4.0" xmlns="http://schemas.microsoft.com/developer/msbuild/2003">
  <ItemGroup>
    <Filter Include="Source Files">
      <UniqueIdentifier>{4FC737F1-C7A5-4376-A066-2A32D752A2FF}</UniqueIdentifier>
      <Extensions>cpp;c;cc;cxx;def;odl;idl;hpj;bat;asm;asmx</Extensions>
    </Filter>
    <Filter Include="Header Files">
      <UniqueIdentifier>{93995380-89BD-4b04-88EB-625FBE52EBFB}</UniqueIdentifier>
      <Extensions>h;hpp;hxx;hm;inl;inc;xsd</Extensions>
    </Filter>
  </ItemGroup>
  <ItemGroup>
    <ClCompile Include="BinaryEntity.cpp">
      <Filter>Source Files</Filter>
    </ClCompile>
    <ClCompile Include="ComplexEntity.cpp">
      <Filter>Source Files</Filter>
    </ClCompile>
    <ClCompile Include="convert.cpp">
      <Filter>Source Files</Filter>
    </ClCompile>
    <ClCompile Include="DirectoryEntity.cpp">
      <Filter>Source Files</Filter>
    </ClCompile>
    <ClCompile Include="DisplayState.cpp">
      <Filter>Source Files</Filter>
    </ClCompile>
    <ClCompile Include="Entity.cpp">
      <Filter>Source Files</Filter>
    </ClCompile>
    <ClCompile Include="FloatEntity.cpp">
      <Filter>Source Files</Filter>
    </ClCompile>
    <ClCompile Include="IntegerEntity.cpp">
      <Filter>Source Files</Filter>
    </ClCompile>
    <ClCompile Include="LabeledEntity.cpp">
      <Filter>Source Files</Filter>
    </ClCompile>
    <ClCompile Include="ListEntity.cpp">
      <Filter>Source Files</Filter>
    </ClCompile>
    <ClCompile Include="MatrixEntity.cpp">
      <Filter>Source Files</Filter>
    </ClCompile>
    <ClCompile Include="ProgramEntity.cpp">
      <Filter>Source Files</Filter>
    </ClCompile>
    <ClCompile Include="RationalEntity.cpp">
      <Filter>Source Files</Filter>
    </ClCompile>
    <ClCompile Include="StringEntity.cpp">
      <Filter>Source Files</Filter>
    </ClCompile>
    <ClCompile Include="support.cpp">
      <Filter>Source Files</Filter>
    </ClCompile>
    <ClCompile Include="VectorEntity.cpp">
      <Filter>Source Files</Filter>
    </ClCompile>
    <ClCompile Include="VeryLong.cpp">
      <Filter>Source Files</Filter>
    </ClCompile>
  </ItemGroup>
  <ItemGroup>
    <ClInclude Include="BinaryEntity.hpp">
      <Filter>Header Files</Filter>
    </ClInclude>
    <ClInclude Include="ComplexEntity.hpp">
      <Filter>Header Files</Filter>
    </ClInclude>
    <ClInclude Include="convert.hpp">
      <Filter>Header Files</Filter>
    </ClInclude>
    <ClInclude Include="DirectoryEntity.hpp">
      <Filter>Header Files</Filter>
    </ClInclude>
    <ClInclude Include="DisplayState.hpp">
      <Filter>Header Files</Filter>
    </ClInclude>
    <ClInclude Include="Entity.hpp">
      <Filter>Header Files</Filter>
    </ClInclude>
    <ClInclude Include="FloatEntity.hpp">
      <Filter>Header Files</Filter>
    </ClInclude>
    <ClInclude Include="IntegerEntity.hpp">
      <Filter>Header Files</Filter>
    </ClInclude>
    <ClInclude Include="LabeledEntity.hpp">
      <Filter>Header Files</Filter>
    </ClInclude>
    <ClInclude Include="ListEntity.hpp">
      <Filter>Header Files</Filter>
    </ClInclude>
    <ClInclude Include="MatrixEntity.hpp">
      <Filter>Header Files</Filter>
    </ClInclude>
    <ClInclude Include="ProgramEntity.hpp">
      <Filter>Header Files</Filter>
    </ClInclude>
    <ClInclude Include="Rational.hpp">
      <Filter>Header Files</Filter>
    </ClInclude>
    <ClInclude Include="RationalEntity.hpp">
      <Filter>Header Files</Filter>
    </ClInclude>
    <ClInclude Include="StringEntity.hpp">
      <Filter>Header Files</Filter>
    </ClInclude>
    <ClInclude Include="support.hpp">
      <Filter>Header Files</Filter>
    </ClInclude>
    <ClInclude Include="VectorEntity.hpp">
      <Filter>Header Files</Filter>
    </ClInclude>
    <ClInclude Include="VeryLong.hpp">
      <Filter>Header Files</Filter>
    </ClInclude>
  </ItemGroup>
</Project>