<?xml version="1.0" encoding="UTF-8" standalone="yes" ?>
<CodeBlocks_project_file>
	<FileVersion major="1" minor="6" />
	<Project>
		<Option title="scr" />
		<Option pch_mode="2" />
		<Option compiler="gcc" />
		<Build>
			<Target title="Debug">
				<Option output="bin/Debug/scr" prefix_auto="1" extension_auto="1" />
				<Option working_dir="" />
				<Option object_output="obj/Debug/" />
				<Option type="2" />
				<Option compiler="gcc" />
				<Option createDefFile="1" />
				<Compiler>
					<Add option="-g" />
				</Compiler>
			</Target>
			<Target title="Release">
				<Option output="bin/Release/scr" prefix_auto="1" extension_auto="1" />
				<Option working_dir="" />
				<Option object_output="obj/Release/" />
				<Option type="2" />
				<Option compiler="gcc" />
				<Option createDefFile="1" />
				<Compiler>
					<Add option="-O2" />
				</Compiler>
				<Linker>
					<Add option="-s" />
				</Linker>
			</Target>
		</Build>
		<Compiler>
			<Add option="-std=c++11" />
			<Add option="-Wall" />
			<Add directory="../Spica" />
		</Compiler>
		<Unit filename="CommandWindow.cpp" />
		<Unit filename="CommandWindow.hpp" />
		<Unit filename="DisplayWindow.cpp" />
		<Unit filename="DisplayWindow.hpp" />
		<Unit filename="ImageBuffer.cpp" />
		<Unit filename="ImageBuffer.hpp" />
		<Unit filename="InputWindow.cpp" />
		<Unit filename="InputWindow.hpp" />
		<Unit filename="ListWindow.cpp" />
		<Unit filename="ListWindow.hpp" />
		<Unit filename="Manager.cpp" />
		<Unit filename="Manager.hpp" />
		<Unit filename="MessageWindow.cpp" />
		<Unit filename="MessageWindow.hpp" />
		<Unit filename="SelectWindow.cpp" />
		<Unit filename="SelectWindow.hpp" />
		<Unit filename="Shadow.cpp" />
		<Unit filename="Shadow.hpp" />
		<Unit filename="StatusLine.cpp" />
		<Unit filename="StatusLine.hpp" />
		<Unit filename="TextWindow.cpp" />
		<Unit filename="TextWindow.hpp" />
		<Unit filename="Window.cpp" />
		<Unit filename="Window.hpp" />
		<Unit filename="ansiscr.cpp" />
		<Unit filename="ansiscr.hpp" />
		<Unit filename="debug.cpp" />
		<Unit filename="debug.hpp" />
		<Unit filename="key.cpp" />
		<Unit filename="scr.cpp" />
		<Unit filename="scr.hpp" />
		<Unit filename="scrtools.cpp" />
		<Unit filename="scrtools.hpp" />
		<Extensions>
			<code_completion />
			<debugger />
		</Extensions>
	</Project>
</CodeBlocks_project_file>
