<?xml version="1.0" encoding="utf-8"?>
<Project ToolsVersion="4.0" xmlns="http://schemas.microsoft.com/developer/msbuild/2003">
  <ItemGroup>
    <Filter Include="Header Files">
      <UniqueIdentifier>{93995380-89BD-4b04-88EB-625FBE52EBFB}</UniqueIdentifier>
      <Extensions>h;hpp;hxx;hm;inl;inc;xsd</Extensions>
    </Filter>
    <Filter Include="Resource Files">
      <UniqueIdentifier>{67DA6AB6-F800-4c08-8B7A-83BB121AAD01}</UniqueIdentifier>
      <Extensions>rc;ico;cur;bmp;dlg;rc2;rct;bin;rgs;gif;jpg;jpeg;jpe;resx</Extensions>
    </Filter>
    <Filter Include="Source Files">
      <UniqueIdentifier>{4FC737F1-C7A5-4376-A066-2A32D752A2FF}</UniqueIdentifier>
      <Extensions>cpp;c;cc;cxx;def;odl;idl;hpj;bat;asm;asmx</Extensions>
    </Filter>
  </ItemGroup>
  <ItemGroup>
    <ClInclude Include="BlockEditFile.hpp">
      <Filter>Header Files</Filter>
    </ClInclude>
    <ClInclude Include="CharacterEditFile.hpp">
      <Filter>Header Files</Filter>
    </ClInclude>
    <ClInclude Include="clipboard.hpp">
      <Filter>Header Files</Filter>
    </ClInclude>
    <ClInclude Include="command.hpp">
      <Filter>Header Files</Filter>
    </ClInclude>
    <ClInclude Include="command_table.hpp">
      <Filter>Header Files</Filter>
    </ClInclude>
    <ClInclude Include="CursorEditFile.hpp">
      <Filter>Header Files</Filter>
    </ClInclude>
    <ClInclude Include="DiskEditFile.hpp">
      <Filter>Header Files</Filter>
    </ClInclude>
    <ClInclude Include="EditBuffer.hpp">
      <Filter>Header Files</Filter>
    </ClInclude>
    <ClInclude Include="EditFile.hpp">
      <Filter>Header Files</Filter>
    </ClInclude>
    <ClInclude Include="EditList.hpp">
      <Filter>Header Files</Filter>
    </ClInclude>
    <ClInclude Include="FileList.hpp">
      <Filter>Header Files</Filter>
    </ClInclude>
    <ClInclude Include="FileNameMatcher.hpp">
      <Filter>Header Files</Filter>
    </ClInclude>
    <ClInclude Include="FilePosition.hpp">
      <Filter>Header Files</Filter>
    </ClInclude>
    <ClInclude Include="global.hpp">
      <Filter>Header Files</Filter>
    </ClInclude>
    <ClInclude Include="help.hpp">
      <Filter>Header Files</Filter>
    </ClInclude>
    <ClInclude Include="keyboard.hpp">
      <Filter>Header Files</Filter>
    </ClInclude>
    <ClInclude Include="LineEditFile.hpp">
      <Filter>Header Files</Filter>
    </ClInclude>
    <ClInclude Include="macro_stack.hpp">
      <Filter>Header Files</Filter>
    </ClInclude>
    <ClInclude Include="mylist.hpp">
      <Filter>Header Files</Filter>
    </ClInclude>
    <ClInclude Include="mystack.hpp">
      <Filter>Header Files</Filter>
    </ClInclude>
    <ClInclude Include="parameter_stack.hpp">
      <Filter>Header Files</Filter>
    </ClInclude>
    <ClInclude Include="SearchEditFile.hpp">
      <Filter>Header Files</Filter>
    </ClInclude>
    <ClInclude Include="special.hpp">
      <Filter>Header Files</Filter>
    </ClInclude>
    <ClInclude Include="support.hpp">
      <Filter>Header Files</Filter>
    </ClInclude>
    <ClInclude Include="WordSource.hpp">
      <Filter>Header Files</Filter>
    </ClInclude>
    <ClInclude Include="WPEditFile.hpp">
      <Filter>Header Files</Filter>
    </ClInclude>
    <ClInclude Include="YEditFile.hpp">
      <Filter>Header Files</Filter>
    </ClInclude>
    <ClInclude Include="yfile.hpp">
      <Filter>Header Files</Filter>
    </ClInclude>
    <ClInclude Include="Timer.hpp">
      <Filter>Header Files</Filter>
    </ClInclude>
  </ItemGroup>
  <ItemGroup>
    <None Include="Y.ico">
      <Filter>Resource Files</Filter>
    </None>
  </ItemGroup>
  <ItemGroup>
    <ClCompile Include="BlockEditFile.cpp">
      <Filter>Source Files</Filter>
    </ClCompile>
    <ClCompile Include="CharacterEditFile.cpp">
      <Filter>Source Files</Filter>
    </ClCompile>
    <ClCompile Include="clipboard.cpp">
      <Filter>Source Files</Filter>
    </ClCompile>
    <ClCompile Include="command_a.cpp">
      <Filter>Source Files</Filter>
    </ClCompile>
    <ClCompile Include="command_b.cpp">
      <Filter>Source Files</Filter>
    </ClCompile>
    <ClCompile Include="command_c.cpp">
      <Filter>Source Files</Filter>
    </ClCompile>
    <ClCompile Include="command_d.cpp">
      <Filter>Source Files</Filter>
    </ClCompile>
    <ClCompile Include="command_e.cpp">
      <Filter>Source Files</Filter>
    </ClCompile>
    <ClCompile Include="command_f.cpp">
      <Filter>Source Files</Filter>
    </ClCompile>
    <ClCompile Include="command_g.cpp">
      <Filter>Source Files</Filter>
    </ClCompile>
    <ClCompile Include="command_h.cpp">
      <Filter>Source Files</Filter>
    </ClCompile>
    <ClCompile Include="command_i.cpp">
      <Filter>Source Files</Filter>
    </ClCompile>
    <ClCompile Include="command_k.cpp">
      <Filter>Source Files</Filter>
    </ClCompile>
    <ClCompile Include="command_l.cpp">
      <Filter>Source Files</Filter>
    </ClCompile>
    <ClCompile Include="command_n.cpp">
      <Filter>Source Files</Filter>
    </ClCompile>
    <ClCompile Include="command_p.cpp">
      <Filter>Source Files</Filter>
    </ClCompile>
    <ClCompile Include="command_q.cpp">
      <Filter>Source Files</Filter>
    </ClCompile>
    <ClCompile Include="command_r.cpp">
      <Filter>Source Files</Filter>
    </ClCompile>
    <ClCompile Include="command_s.cpp">
      <Filter>Source Files</Filter>
    </ClCompile>
    <ClCompile Include="command_t.cpp">
      <Filter>Source Files</Filter>
    </ClCompile>
    <ClCompile Include="command_table.cpp">
      <Filter>Source Files</Filter>
    </ClCompile>
    <ClCompile Include="command_x.cpp">
      <Filter>Source Files</Filter>
    </ClCompile>
    <ClCompile Include="command_y.cpp">
      <Filter>Source Files</Filter>
    </ClCompile>
    <ClCompile Include="CursorEditFile.cpp">
      <Filter>Source Files</Filter>
    </ClCompile>
    <ClCompile Include="DiskEditFile.cpp">
      <Filter>Source Files</Filter>
    </ClCompile>
    <ClCompile Include="EditBuffer.cpp">
      <Filter>Source Files</Filter>
    </ClCompile>
    <ClCompile Include="EditFile.cpp">
      <Filter>Source Files</Filter>
    </ClCompile>
    <ClCompile Include="EditList.cpp">
      <Filter>Source Files</Filter>
    </ClCompile>
    <ClCompile Include="FileList.cpp">
      <Filter>Source Files</Filter>
    </ClCompile>
    <ClCompile Include="FileNameMatcher.cpp">
      <Filter>Source Files</Filter>
    </ClCompile>
    <ClCompile Include="FilePosition.cpp">
      <Filter>Source Files</Filter>
    </ClCompile>
    <ClCompile Include="global.cpp">
      <Filter>Source Files</Filter>
    </ClCompile>
    <ClCompile Include="help.cpp">
      <Filter>Source Files</Filter>
    </ClCompile>
    <ClCompile Include="keyboard.cpp">
      <Filter>Source Files</Filter>
    </ClCompile>
    <ClCompile Include="LineEditFile.cpp">
      <Filter>Source Files</Filter>
    </ClCompile>
    <ClCompile Include="macro_stack.cpp">
      <Filter>Source Files</Filter>
    </ClCompile>
    <ClCompile Include="parameter_stack.cpp">
      <Filter>Source Files</Filter>
    </ClCompile>
    <ClCompile Include="SearchEditFile.cpp">
      <Filter>Source Files</Filter>
    </ClCompile>
    <ClCompile Include="special.cpp">
      <Filter>Source Files</Filter>
    </ClCompile>
    <ClCompile Include="support.cpp">
      <Filter>Source Files</Filter>
    </ClCompile>
    <ClCompile Include="WordSource.cpp">
      <Filter>Source Files</Filter>
    </ClCompile>
    <ClCompile Include="WPEditFile.cpp">
      <Filter>Source Files</Filter>
    </ClCompile>
    <ClCompile Include="y.cpp">
      <Filter>Source Files</Filter>
    </ClCompile>
    <ClCompile Include="YEditFile.cpp">
      <Filter>Source Files</Filter>
    </ClCompile>
    <ClCompile Include="yfile.cpp">
      <Filter>Source Files</Filter>
    </ClCompile>
    <ClCompile Include="Timer.cpp">
      <Filter>Source Files</Filter>
    </ClCompile>
  </ItemGroup>
</Project>